
Microsoft Visual Studio Solution File, Format Version 12.00
# Visual Studio Version 16
VisualStudioVersion = 16.0.31321.278
MinimumVisualStudioVersion = 10.0.40219.1
Project("{FAE04EC0-301F-11D3-BF4B-00C04F79EFBC}") = "loops_Jakob_Cook", "loops_Jakob_Cook\loops_Jakob_Cook.csproj", "{F464CC0B-9220-4012-914B-CB54FB4657E0}"
EndProject
Global
	GlobalSection(SolutionConfigurationPlatforms) = preSolution
		Debug|Any CPU = Debug|Any CPU
		Release|Any CPU = Release|Any CPU
	EndGlobalSection
	GlobalSection(ProjectConfigurationPlatforms) = postSolution
		{F464CC0B-9220-4012-914B-CB54FB4657E0}.Debug|Any CPU.ActiveCfg = Debug|Any CPU
		{F464CC0B-9220-4012-914B-CB54FB4657E0}.Debug|Any CPU.Build.0 = Debug|Any CPU
		{F464CC0B-9220-4012-914B-CB54FB4657E0}.Release|Any CPU.ActiveCfg = Release|Any CPU
		{F464CC0B-9220-4012-914B-CB54FB4657E0}.Release|Any CPU.Build.0 = Release|Any CPU
	EndGlobalSection
	GlobalSection(SolutionProperties) = preSolution
		HideSolutionNode = FALSE
	EndGlobalSection
	GlobalSection(ExtensibilityGlobals) = postSolution
		SolutionGuid = {8E436379-A310-48F0-8001-E1FE796D9A62}
	EndGlobalSection
EndGlobal
